{
  "lockfileVersion": 1,
  "installables": {
    "nickelmenu": {
      "asset": "NickelMenu.tgz",
      "version": "v0.6.0",
      "url": "https://github.com/pgaskin/NickelMenu/releases/download/v0.6.0/KoboRoot.tgz",
      "sha256": "322ff9aa863860e8f5f7e0b55cae561c54bf95983b9bce1d19819d1225d064af",
      "size": 66939
    },
    "nickelclock": {
      "asset": "NickelClock.zip",
      "version": "v0.4.0",
      "url": "https://github.com/shermp/NickelClock/releases/download/v0.4.0/NickelClock-v0.4.0.zip",
      "sha256": "3b55a98cc52bb0434a745affca66a3d4c0f3a346b3cc6be095c04409213d3808",
      "size": 38385
    },
    "koreader": {
      "asset": "koreader-kobo.zip",
      "version": "v2026.07.1",
      "url": "https://github.com/koreader/koreader/releases/download/v2026.07.1/koreader-kobo-v2026.07.1.zip",
      "sha256": "0f36a62ce73b12516f969e4ad7862cc06920afb03c7bd4db29a0d990bdd84b2f",
      "size": 42370936
    },
    "cadmus": {
      "asset": "cadmus-kobo.tar.gz",
      "version": "v0.11.0",
      "url": "https://github.com/OGKevin/cadmus/releases/download/v0.11.0/cadmus-kobo.tar.gz",
      "sha256": "2dddf585ca174c28f6ba85a6ac4b21cef559c84e7fc659925ecb81a4c808492e",
      "size": 30243464
    },
    "nickeltypefix": {
      "asset": "NickelTypeFix.tgz",
      "version": "v0.7",
      "url": "https://github.com/nicoverbruggen/NickelTypeFix/releases/download/v0.7/KoboRoot.tgz",
      "sha256": "0ee155a09b0d8c7780ef0eba4c0f0778824e3ce5921135a987dddeed80c97688",
      "size": 27563
    },
    "nickeldissolve": {
      "asset": "NickelDissolve.tgz",
      "version": "v0.7",
      "url": "https://github.com/nicoverbruggen/NickelDissolve/releases/download/v0.7/KoboRoot.tgz",
      "sha256": "d543c90ffac8f5cc49b66df1b3d68b0335dbd8d69984745ba533d2c4ea8f27c6",
      "size": 28200
    },
    "nickelhome": {
      "asset": "NickelHome.tgz",
      "version": "v0.6",
      "url": "https://github.com/nicoverbruggen/NickelHome/releases/download/v0.6/KoboRoot.tgz",
      "sha256": "05b131d8d185b00dbf48bbfc7cba1fb63b7bcb7276f2ebc31324422de1fd187e",
      "size": 16804
    },
    "ebook-fonts-core": {
      "asset": "kobo-core-fonts.zip",
      "version": "v2026.07.21",
      "url": "https://github.com/nicoverbruggen/ebook-fonts/releases/download/v2026.07.21/kobo-core-fonts.zip",
      "sha256": "b2cfa49afaa37c4aeebe31efa11ee61f0a4cde65219d78a6792af30626c8b46a",
      "size": 5812348
    },
    "ebook-fonts-extra": {
      "asset": "kobo-extra-fonts.zip",
      "version": "v2026.07.21",
      "url": "https://github.com/nicoverbruggen/ebook-fonts/releases/download/v2026.07.21/kobo-extra-fonts.zip",
      "sha256": "b492c9d2487e4c764397e8583b08f6e1351ea4dabb36e126cb63dcc7cb62676e",
      "size": 22528606
    }
  }
}
