{
  "lockfileVersion": 1,
  "installables": {
    "nickelmenu": {
      "asset": "NickelMenu.tgz",
      "version": "v0.6.0",
      "url": "https://github.com/pgaskin/NickelMenu/releases/download/v0.6.0/KoboRoot.tgz",
      "sha256": "322ff9aa863860e8f5f7e0b55cae561c54bf95983b9bce1d19819d1225d064af",
      "size": 66939
    },
    "nickelclock": {
      "asset": "NickelClock.zip",
      "version": "v0.4.0",
      "url": "https://github.com/shermp/NickelClock/releases/download/v0.4.0/NickelClock-v0.4.0.zip",
      "sha256": "3b55a98cc52bb0434a745affca66a3d4c0f3a346b3cc6be095c04409213d3808",
      "size": 38385
    },
    "koreader": {
      "asset": "koreader-kobo.zip",
      "version": "v2026.03",
      "url": "https://github.com/koreader/koreader/releases/download/v2026.03/koreader-kobo-v2026.03.zip",
      "sha256": "510bbc4618dcc5a2fc54a2a8069f94ea5aa7a47a5d6c5a92b75c22d7b701146f",
      "size": 41589964
    },
    "cadmus": {
      "asset": "cadmus-kobo.tar.gz",
      "version": "v0.11.0",
      "url": "https://github.com/OGKevin/cadmus/releases/download/v0.11.0/cadmus-kobo.tar.gz",
      "sha256": "2dddf585ca174c28f6ba85a6ac4b21cef559c84e7fc659925ecb81a4c808492e",
      "size": 30243464
    },
    "readerly": {
      "asset": "KF_Readerly.zip",
      "version": "v1.11",
      "url": "https://github.com/nicoverbruggen/readerly/releases/download/v1.11/KF_Readerly.zip",
      "sha256": "5438a665d1618568ec4936e8edc26e1e07220ab39413b261482e984e4fdfd67d",
      "size": 495897
    },
    "libron": {
      "asset": "KF_Libron.zip",
      "version": "v0.23",
      "url": "https://github.com/nicoverbruggen/libron/releases/download/v0.23/KF_Libron.zip",
      "sha256": "9c23c84d82eb6df3e7150682be0245b37b315bbcec44b4c6eac4b462a4ff533c",
      "size": 494473
    },
    "cartisse": {
      "asset": "KF_Cartisse.zip",
      "version": "v2.4",
      "url": "https://github.com/nicoverbruggen/cartisse/releases/download/v2.4/KF_Cartisse.zip",
      "sha256": "a2904406e30e1f361da89c0dfb49272a426454591031727a42f3b376bef3f185",
      "size": 404022
    },
    "nickeltypefix": {
      "asset": "NickelTypeFix.tgz",
      "version": "v0.7",
      "url": "https://github.com/nicoverbruggen/NickelTypeFix/releases/download/v0.7/KoboRoot.tgz",
      "sha256": "0ee155a09b0d8c7780ef0eba4c0f0778824e3ce5921135a987dddeed80c97688",
      "size": 27563
    },
    "nickelcoverfix": {
      "asset": "NickelCoverFix.tgz",
      "version": "v0.2",
      "url": "https://github.com/nicoverbruggen/NickelCoverFix/releases/download/v0.2/KoboRoot.tgz",
      "sha256": "96f3f10fc7c1fa34cc9798e0d25cdf815ead717701717a526309a1f94f96c622",
      "size": 42874
    },
    "nickeldissolve": {
      "asset": "NickelDissolve.tgz",
      "version": "v0.7",
      "url": "https://github.com/nicoverbruggen/NickelDissolve/releases/download/v0.7/KoboRoot.tgz",
      "sha256": "d543c90ffac8f5cc49b66df1b3d68b0335dbd8d69984745ba533d2c4ea8f27c6",
      "size": 28200
    },
    "nickelhome": {
      "asset": "NickelHome.tgz",
      "version": "v0.6",
      "url": "https://github.com/nicoverbruggen/NickelHome/releases/download/v0.6/KoboRoot.tgz",
      "sha256": "05b131d8d185b00dbf48bbfc7cba1fb63b7bcb7276f2ebc31324422de1fd187e",
      "size": 16804
    }
  }
}
