github.com/davecgh/go-spew v1.1.1 h1:vj9j/u1bqnvCEfJOwUhtlOARqs3+rkHYY13jYWTU97c=
github.com/davecgh/go-spew v1.1.1/go.mod h1:J7Y8YcW2NihsgmVo/mv3lAwl/skON4iLHjSsI+c5H38=
github.com/ianlancetaylor/demangle v0.0.0-20250628045327-2d64ad6b7ec5 h1:QCtizt3VTaANvnsd8TtD/eonx7JLIVdEKW1//ZNPZ9A=
github.com/ianlancetaylor/demangle v0.0.0-20250628045327-2d64ad6b7ec5/go.mod h1:gx7rwoVhcfuVKG5uya9Hs3Sxj7EIvldVofAWIUtGouw=
github.com/pgaskin/go-libz v0.1.0 h1:JAhy55Bs8y+jaPYjjafZYEw1WvzgvXstYhSNAimuO3M=
github.com/pgaskin/go-libz v0.1.0/go.mod h1:7DtgXih0S26GvZbCo1nTzgpINd7SUNuxAeuj8XaKV18=
github.com/pgaskin/yaml v0.0.0-20190717135119-db0123c0912e h1:jIAOCdmm9VlOD9ezgGGiJOQofvz2mnLIH1sA1wyI8D4=
github.com/pgaskin/yaml v0.0.0-20190717135119-db0123c0912e/go.mod h1:K4uyk7z7BCEPqu6E+C64Yfv1cQ7kz7rIZviUmN+EgEM=
github.com/pmezard/go-difflib v1.0.0 h1:4DBwDE0NGyQoBHbLQYPwSUPoCMWR5BEzIk/f1lZbAQM=
github.com/pmezard/go-difflib v1.0.0/go.mod h1:iKH77koFhYxTK1pcRnkKkqfTogsbg7gZNVY4sRDYZ/4=
github.com/riking/cssparse v0.0.0-20180325025645-c37ded0aac89 h1:hMsoSMebpfpaDW7+B7gsxNnMBNChjekeqmK8wkzAlc0=
github.com/riking/cssparse v0.0.0-20180325025645-c37ded0aac89/go.mod h1:yc5MYwuNUGggTQ8++IDAbOYq/9PXxsg73+EHYgoG/4w=
github.com/stretchr/testify v1.11.1 h1:7s2iGBzp5EwR7/aIZr8ao5+dra3wiQyKjjFuvgVKu7U=
github.com/stretchr/testify v1.11.1/go.mod h1:wZwfW3scLgRK+23gO65QZefKpKQRnfz6sD981Nm4B6U=
golang.org/x/text v0.3.8 h1:nAL+RVCQ9uMn3vJZbV+MRnydTJFPf8qqY42YiA6MrqY=
golang.org/x/text v0.3.8/go.mod h1:E6s5w1FMmriuDzIBO73fBruAKo1PCIq6d2Q6DHfQ8WQ=
gopkg.in/check.v1 v0.0.0-20161208181325-20d25e280405 h1:yhCVgyC4o1eVCa2tZl7eS0r+SDo693bJlVdllGtEeKM=
gopkg.in/check.v1 v0.0.0-20161208181325-20d25e280405/go.mod h1:Co6ibVJAznAaIkqp8huTwlJQCZ016jof/cbN4VW5Yz0=
rsc.io/arm v0.0.0-20150420010332-9c32f2193064 h1:bBbas3KhLwE6f59Z9lUipY23xUX9qrvyLBdQzzV2Tko=
rsc.io/arm v0.0.0-20150420010332-9c32f2193064/go.mod h1:MVYPdlFruujBlzEY3x2Q3XBk7XLdYRNZ7zDbrzYFO7w=
